{
  "lockfile_version": "1",
  "packages": {
    "github:NixOS/nixpkgs/nixpkgs-unstable": {
      "last_modified": "2025-07-02T16:07:57Z",
      "resolved": "github:NixOS/nixpkgs/b32441ec0fae600e647cf4e6d6c245286a583106?lastModified=1751472477&narHash=sha256-DpGMd%2F4DAawRGegP8ISHHbpARRhDS2ABwjiLTAjO7Uk%3D"
    }
  }
}
